
Microsoft Visual Studio Solution File, Format Version 12.00
# Visual Studio Version 17
VisualStudioVersion = 17.2.32630.192
MinimumVisualStudioVersion = 10.0.40219.1
Project("{FAE04EC0-301F-11D3-BF4B-00C04F79EFBC}") = "bookshop", "bookshop\bookshop.csproj", "{F151B80D-0193-4AB4-8024-D942E0802F40}"
EndProject
Global
	GlobalSection(SolutionConfigurationPlatforms) = preSolution
		Debug|Any CPU = Debug|Any CPU
		Release|Any CPU = Release|Any CPU
	EndGlobalSection
	GlobalSection(ProjectConfigurationPlatforms) = postSolution
		{F151B80D-0193-4AB4-8024-D942E0802F40}.Debug|Any CPU.ActiveCfg = Debug|Any CPU
		{F151B80D-0193-4AB4-8024-D942E0802F40}.Debug|Any CPU.Build.0 = Debug|Any CPU
		{F151B80D-0193-4AB4-8024-D942E0802F40}.Release|Any CPU.ActiveCfg = Release|Any CPU
		{F151B80D-0193-4AB4-8024-D942E0802F40}.Release|Any CPU.Build.0 = Release|Any CPU
	EndGlobalSection
	GlobalSection(SolutionProperties) = preSolution
		HideSolutionNode = FALSE
	EndGlobalSection
	GlobalSection(ExtensibilityGlobals) = postSolution
		SolutionGuid = {27FE5932-1086-4822-A939-2D891004BB25}
	EndGlobalSection
EndGlobal
